// !$*UTF8*$!
{
	archiveVersion = 1;
	classes = {
	};
	objectVersion = 56;
	objects = {

/* Begin PBXBuildFile section */
		5C328A022D1191E5001B851A /* HomeView.swift in Sources */ = {isa = PBXBuildFile; fileRef = 5C328A012D1191E5001B851A /* HomeView.swift */; };
		5C328A042D1191FF001B851A /* ContentView.swift in Sources */ = {isa = PBXBuildFile; fileRef = 5C328A032D1191FF001B851A /* ContentView.swift */; };
		5C328A062D119254001B851A /* PageContent.swift in Sources */ = {isa = PBXBuildFile; fileRef = 5C328A052D119254001B851A /* PageContent.swift */; };
		5C328A082D1192A1001B851A /* Gif.swift in Sources */ = {isa = PBXBuildFile; fileRef = 5C328A072D1192A1001B851A /* Gif.swift */; };
		5C328A0A2D1193BD001B851A /* Task.swift in Sources */ = {isa = PBXBuildFile; fileRef = 5C328A092D1193BD001B851A /* Task.swift */; };
		5C328A0C2D119484001B851A /* TaskList.swift in Sources */ = {isa = PBXBuildFile; fileRef = 5C328A0B2D119484001B851A /* TaskList.swift */; };
		5C328A0E2D1194A4001B851A /* TaskView.swift in Sources */ = {isa = PBXBuildFile; fileRef = 5C328A0D2D1194A4001B851A /* TaskView.swift */; };
		5C328A102D1194D6001B851A /* TaskTimeFrame.swift in Sources */ = {isa = PBXBuildFile; fileRef = 5C328A0F2D1194D6001B851A /* TaskTimeFrame.swift */; };
		5C328A122D119551001B851A /* TaskSheet.swift in Sources */ = {isa = PBXBuildFile; fileRef = 5C328A112D119551001B851A /* TaskSheet.swift */; };
		5C328A172D11E679001B851A /* TaskViewModel.swift in Sources */ = {isa = PBXBuildFile; fileRef = 5C328A162D11E679001B851A /* TaskViewModel.swift */; };
		5CA3C2F02D1171CC003F647F /* sparkswiftdataApp.swift in Sources */ = {isa = PBXBuildFile; fileRef = 5CA3C2EF2D1171CC003F647F /* sparkswiftdataApp.swift */; };
		5CA3C2F42D1171CD003F647F /* Assets.xcassets in Resources */ = {isa = PBXBuildFile; fileRef = 5CA3C2F32D1171CD003F647F /* Assets.xcassets */; };
		5CA3C2F72D1171CD003F647F /* Preview Assets.xcassets in Resources */ = {isa = PBXBuildFile; fileRef = 5CA3C2F62D1171CD003F647F /* Preview Assets.xcassets */; };
		5CA3C3012D1171CD003F647F /* sparkswiftdataTests.swift in Sources */ = {isa = PBXBuildFile; fileRef = 5CA3C3002D1171CD003F647F /* sparkswiftdataTests.swift */; };
		5CA3C30B2D1171CD003F647F /* sparkswiftdataUITests.swift in Sources */ = {isa = PBXBuildFile; fileRef = 5CA3C30A2D1171CD003F647F /* sparkswiftdataUITests.swift */; };
		5CA3C30D2D1171CD003F647F /* sparkswiftdataUITestsLaunchTests.swift in Sources */ = {isa = PBXBuildFile; fileRef = 5CA3C30C2D1171CD003F647F /* sparkswiftdataUITestsLaunchTests.swift */; };
		5CA3C31A2D118C8F003F647F /* GhadaView.swift in Sources */ = {isa = PBXBuildFile; fileRef = 5CA3C3192D118C8F003F647F /* GhadaView.swift */; };
		79C5A4792D180A9700EACD79 /* dogGif.gif in Resources */ = {isa = PBXBuildFile; fileRef = 79C5A4782D180A9700EACD79 /* dogGif.gif */; };
		79C5A4832D18151600EACD79 /* Localizable.cxstrings in Resources */ = {isa = PBXBuildFile; fileRef = 79C5A4822D18151600EACD79 /* Localizable.cxstrings */; };
		79C5A4852D18154B00EACD79 /* Localizable.xcstrings in Resources */ = {isa = PBXBuildFile; fileRef = 79C5A4842D18154B00EACD79 /* Localizable.xcstrings */; };
/* End PBXBuildFile section */

/* Begin PBXContainerItemProxy section */
		5CA3C2FD2D1171CD003F647F /* PBXContainerItemProxy */ = {
			isa = PBXContainerItemProxy;
			containerPortal = 5CA3C2E42D1171CC003F647F /* Project object */;
			proxyType = 1;
			remoteGlobalIDString = 5CA3C2EB2D1171CC003F647F;
			remoteInfo = sparkswiftdata;
		};
		5CA3C3072D1171CD003F647F /* PBXContainerItemProxy */ = {
			isa = PBXContainerItemProxy;
			containerPortal = 5CA3C2E42D1171CC003F647F /* Project object */;
			proxyType = 1;
			remoteGlobalIDString = 5CA3C2EB2D1171CC003F647F;
			remoteInfo = sparkswiftdata;
		};
/* End PBXContainerItemProxy section */

/* Begin PBXFileReference section */
		5C328A012D1191E5001B851A /* HomeView.swift */ = {isa = PBXFileReference; lastKnownFileType = sourcecode.swift; path = HomeView.swift; sourceTree = "<group>"; };
		5C328A032D1191FF001B851A /* ContentView.swift */ = {isa = PBXFileReference; lastKnownFileType = sourcecode.swift; path = ContentView.swift; sourceTree = "<group>"; };
		5C328A052D119254001B851A /* PageContent.swift */ = {isa = PBXFileReference; lastKnownFileType = sourcecode.swift; path = PageContent.swift; sourceTree = "<group>"; };
		5C328A072D1192A1001B851A /* Gif.swift */ = {isa = PBXFileReference; lastKnownFileType = sourcecode.swift; path = Gif.swift; sourceTree = "<group>"; };
		5C328A092D1193BD001B851A /* Task.swift */ = {isa = PBXFileReference; lastKnownFileType = sourcecode.swift; path = Task.swift; sourceTree = "<group>"; };
		5C328A0B2D119484001B851A /* TaskList.swift */ = {isa = PBXFileReference; lastKnownFileType = sourcecode.swift; path = TaskList.swift; sourceTree = "<group>"; };
		5C328A0D2D1194A4001B851A /* TaskView.swift */ = {isa = PBXFileReference; lastKnownFileType = sourcecode.swift; path = TaskView.swift; sourceTree = "<group>"; };
		5C328A0F2D1194D6001B851A /* TaskTimeFrame.swift */ = {isa = PBXFileReference; lastKnownFileType = sourcecode.swift; path = TaskTimeFrame.swift; sourceTree = "<group>"; };
		5C328A112D119551001B851A /* TaskSheet.swift */ = {isa = PBXFileReference; lastKnownFileType = sourcecode.swift; path = TaskSheet.swift; sourceTree = "<group>"; };
		5C328A162D11E679001B851A /* TaskViewModel.swift */ = {isa = PBXFileReference; lastKnownFileType = sourcecode.swift; path = TaskViewModel.swift; sourceTree = "<group>"; };
		5CA3C2EC2D1171CC003F647F /* Spark.app */ = {isa = PBXFileReference; explicitFileType = wrapper.application; includeInIndex = 0; path = Spark.app; sourceTree = BUILT_PRODUCTS_DIR; };
		5CA3C2EF2D1171CC003F647F /* sparkswiftdataApp.swift */ = {isa = PBXFileReference; lastKnownFileType = sourcecode.swift; path = sparkswiftdataApp.swift; sourceTree = "<group>"; };
		5CA3C2F32D1171CD003F647F /* Assets.xcassets */ = {isa = PBXFileReference; lastKnownFileType = folder.assetcatalog; path = Assets.xcassets; sourceTree = "<group>"; };
		5CA3C2F62D1171CD003F647F /* Preview Assets.xcassets */ = {isa = PBXFileReference; lastKnownFileType = folder.assetcatalog; path = "Preview Assets.xcassets"; sourceTree = "<group>"; };
		5CA3C2FC2D1171CD003F647F /* SparkTests.xctest */ = {isa = PBXFileReference; explicitFileType = wrapper.cfbundle; includeInIndex = 0; path = SparkTests.xctest; sourceTree = BUILT_PRODUCTS_DIR; };
		5CA3C3002D1171CD003F647F /* sparkswiftdataTests.swift */ = {isa = PBXFileReference; lastKnownFileType = sourcecode.swift; path = sparkswiftdataTests.swift; sourceTree = "<group>"; };
		5CA3C3062D1171CD003F647F /* SparkUITests.xctest */ = {isa = PBXFileReference; explicitFileType = wrapper.cfbundle; includeInIndex = 0; path = SparkUITests.xctest; sourceTree = BUILT_PRODUCTS_DIR; };
		5CA3C30A2D1171CD003F647F /* sparkswiftdataUITests.swift */ = {isa = PBXFileReference; lastKnownFileType = sourcecode.swift; path = sparkswiftdataUITests.swift; sourceTree = "<group>"; };
		5CA3C30C2D1171CD003F647F /* sparkswiftdataUITestsLaunchTests.swift */ = {isa = PBXFileReference; lastKnownFileType = sourcecode.swift; path = sparkswiftdataUITestsLaunchTests.swift; sourceTree = "<group>"; };
		5CA3C3192D118C8F003F647F /* GhadaView.swift */ = {isa = PBXFileReference; lastKnownFileType = sourcecode.swift; path = GhadaView.swift; sourceTree = "<group>"; };
		79C5A4782D180A9700EACD79 /* dogGif.gif */ = {isa = PBXFileReference; lastKnownFileType = image.gif; name = dogGif.gif; path = ../../../../Downloads/dogGif.gif; sourceTree = "<group>"; };
		79C5A4822D18151600EACD79 /* Localizable.cxstrings */ = {isa = PBXFileReference; fileEncoding = 4; lastKnownFileType = text; name = Localizable.cxstrings; path = ../../../../.Trash/Localizable.cxstrings; sourceTree = "<group>"; };
		79C5A4842D18154B00EACD79 /* Localizable.xcstrings */ = {isa = PBXFileReference; fileEncoding = 4; lastKnownFileType = text.json.xcstrings; name = Localizable.xcstrings; path = ../../../../.Trash/Localizable.xcstrings; sourceTree = "<group>"; };
		79C5A4862D1818A600EACD79 /* Localizable.xcstrings */ = {isa = PBXFileReference; lastKnownFileType = text.json.xcstrings; path = Localizable.xcstrings; sourceTree = "<group>"; };
/* End PBXFileReference section */

/* Begin PBXFrameworksBuildPhase section */
		5CA3C2E92D1171CC003F647F /* Frameworks */ = {
			isa = PBXFrameworksBuildPhase;
			buildActionMask = 2147483647;
			files = (
			);
			runOnlyForDeploymentPostprocessing = 0;
		};
		5CA3C2F92D1171CD003F647F /* Frameworks */ = {
			isa = PBXFrameworksBuildPhase;
			buildActionMask = 2147483647;
			files = (
			);
			runOnlyForDeploymentPostprocessing = 0;
		};
		5CA3C3032D1171CD003F647F /* Frameworks */ = {
			isa = PBXFrameworksBuildPhase;
			buildActionMask = 2147483647;
			files = (
			);
			runOnlyForDeploymentPostprocessing = 0;
		};
/* End PBXFrameworksBuildPhase section */

/* Begin PBXGroup section */
		5C328A132D11E474001B851A /* Model */ = {
			isa = PBXGroup;
			children = (
				5C328A092D1193BD001B851A /* Task.swift */,
			);
			path = Model;
			sourceTree = "<group>";
		};
		5C328A142D11E4D3001B851A /* Views */ = {
			isa = PBXGroup;
			children = (
				5C328A0B2D119484001B851A /* TaskList.swift */,
				5C328A0D2D1194A4001B851A /* TaskView.swift */,
				79C5A4782D180A9700EACD79 /* dogGif.gif */,
				79C5A4842D18154B00EACD79 /* Localizable.xcstrings */,
				79C5A4822D18151600EACD79 /* Localizable.cxstrings */,
				5C328A012D1191E5001B851A /* HomeView.swift */,
				5C328A032D1191FF001B851A /* ContentView.swift */,
				5C328A072D1192A1001B851A /* Gif.swift */,
			);
			path = Views;
			sourceTree = "<group>";
		};
		5C328A152D11E65D001B851A /* TaskViewModel */ = {
			isa = PBXGroup;
			children = (
				5C328A162D11E679001B851A /* TaskViewModel.swift */,
			);
			path = TaskViewModel;
			sourceTree = "<group>";
		};
		5CA3C2E32D1171CC003F647F = {
			isa = PBXGroup;
			children = (
				5CA3C3192D118C8F003F647F /* GhadaView.swift */,
				79C5A4862D1818A600EACD79 /* Localizable.xcstrings */,
				5CA3C2EE2D1171CC003F647F /* sparkswiftdata */,
				5CA3C2FF2D1171CD003F647F /* sparkswiftdataTests */,
				5CA3C3092D1171CD003F647F /* sparkswiftdataUITests */,
				5CA3C2ED2D1171CC003F647F /* Products */,
			);
			sourceTree = "<group>";
		};
		5CA3C2ED2D1171CC003F647F /* Products */ = {
			isa = PBXGroup;
			children = (
				5CA3C2EC2D1171CC003F647F /* Spark.app */,
				5CA3C2FC2D1171CD003F647F /* SparkTests.xctest */,
				5CA3C3062D1171CD003F647F /* SparkUITests.xctest */,
			);
			name = Products;
			sourceTree = "<group>";
		};
		5CA3C2EE2D1171CC003F647F /* sparkswiftdata */ = {
			isa = PBXGroup;
			children = (
				5CA3C2EF2D1171CC003F647F /* sparkswiftdataApp.swift */,
				5C328A142D11E4D3001B851A /* Views */,
				5C328A052D119254001B851A /* PageContent.swift */,
				5C328A132D11E474001B851A /* Model */,
				5C328A152D11E65D001B851A /* TaskViewModel */,
				5C328A0F2D1194D6001B851A /* TaskTimeFrame.swift */,
				5C328A112D119551001B851A /* TaskSheet.swift */,
				5CA3C2F32D1171CD003F647F /* Assets.xcassets */,
				5CA3C2F52D1171CD003F647F /* Preview Content */,
			);
			path = sparkswiftdata;
			sourceTree = "<group>";
		};
		5CA3C2F52D1171CD003F647F /* Preview Content */ = {
			isa = PBXGroup;
			children = (
				5CA3C2F62D1171CD003F647F /* Preview Assets.xcassets */,
			);
			path = "Preview Content";
			sourceTree = "<group>";
		};
		5CA3C2FF2D1171CD003F647F /* sparkswiftdataTests */ = {
			isa = PBXGroup;
			children = (
				5CA3C3002D1171CD003F647F /* sparkswiftdataTests.swift */,
			);
			path = sparkswiftdataTests;
			sourceTree = "<group>";
		};
		5CA3C3092D1171CD003F647F /* sparkswiftdataUITests */ = {
			isa = PBXGroup;
			children = (
				5CA3C30A2D1171CD003F647F /* sparkswiftdataUITests.swift */,
				5CA3C30C2D1171CD003F647F /* sparkswiftdataUITestsLaunchTests.swift */,
			);
			path = sparkswiftdataUITests;
			sourceTree = "<group>";
		};
/* End PBXGroup section */

/* Begin PBXNativeTarget section */
		5CA3C2EB2D1171CC003F647F /* Spark */ = {
			isa = PBXNativeTarget;
			buildConfigurationList = 5CA3C3102D1171CD003F647F /* Build configuration list for PBXNativeTarget "Spark" */;
			buildPhases = (
				5CA3C2E82D1171CC003F647F /* Sources */,
				5CA3C2E92D1171CC003F647F /* Frameworks */,
				5CA3C2EA2D1171CC003F647F /* Resources */,
			);
			buildRules = (
			);
			dependencies = (
			);
			name = Spark;
			productName = sparkswiftdata;
			productReference = 5CA3C2EC2D1171CC003F647F /* Spark.app */;
			productType = "com.apple.product-type.application";
		};
		5CA3C2FB2D1171CD003F647F /* SparkTests */ = {
			isa = PBXNativeTarget;
			buildConfigurationList = 5CA3C3132D1171CD003F647F /* Build configuration list for PBXNativeTarget "SparkTests" */;
			buildPhases = (
				5CA3C2F82D1171CD003F647F /* Sources */,
				5CA3C2F92D1171CD003F647F /* Frameworks */,
				5CA3C2FA2D1171CD003F647F /* Resources */,
			);
			buildRules = (
			);
			dependencies = (
				5CA3C2FE2D1171CD003F647F /* PBXTargetDependency */,
			);
			name = SparkTests;
			productName = sparkswiftdataTests;
			productReference = 5CA3C2FC2D1171CD003F647F /* SparkTests.xctest */;
			productType = "com.apple.product-type.bundle.unit-test";
		};
		5CA3C3052D1171CD003F647F /* SparkUITests */ = {
			isa = PBXNativeTarget;
			buildConfigurationList = 5CA3C3162D1171CD003F647F /* Build configuration list for PBXNativeTarget "SparkUITests" */;
			buildPhases = (
				5CA3C3022D1171CD003F647F /* Sources */,
				5CA3C3032D1171CD003F647F /* Frameworks */,
				5CA3C3042D1171CD003F647F /* Resources */,
			);
			buildRules = (
			);
			dependencies = (
				5CA3C3082D1171CD003F647F /* PBXTargetDependency */,
			);
			name = SparkUITests;
			productName = sparkswiftdataUITests;
			productReference = 5CA3C3062D1171CD003F647F /* SparkUITests.xctest */;
			productType = "com.apple.product-type.bundle.ui-testing";
		};
/* End PBXNativeTarget section */

/* Begin PBXProject section */
		5CA3C2E42D1171CC003F647F /* Project object */ = {
			isa = PBXProject;
			attributes = {
				BuildIndependentTargetsInParallel = 1;
				LastSwiftUpdateCheck = 1540;
				LastUpgradeCheck = 1540;
				TargetAttributes = {
					5CA3C2EB2D1171CC003F647F = {
						CreatedOnToolsVersion = 15.4;
					};
					5CA3C2FB2D1171CD003F647F = {
						CreatedOnToolsVersion = 15.4;
						TestTargetID = 5CA3C2EB2D1171CC003F647F;
					};
					5CA3C3052D1171CD003F647F = {
						CreatedOnToolsVersion = 15.4;
						TestTargetID = 5CA3C2EB2D1171CC003F647F;
					};
				};
			};
			buildConfigurationList = 5CA3C2E72D1171CC003F647F /* Build configuration list for PBXProject "Spark" */;
			compatibilityVersion = "Xcode 14.0";
			developmentRegion = en;
			hasScannedForEncodings = 0;
			knownRegions = (
				en,
				Base,
				ar,
			);
			mainGroup = 5CA3C2E32D1171CC003F647F;
			productRefGroup = 5CA3C2ED2D1171CC003F647F /* Products */;
			projectDirPath = "";
			projectRoot = "";
			targets = (
				5CA3C2EB2D1171CC003F647F /* Spark */,
				5CA3C2FB2D1171CD003F647F /* SparkTests */,
				5CA3C3052D1171CD003F647F /* SparkUITests */,
			);
		};
/* End PBXProject section */

/* Begin PBXResourcesBuildPhase section */
		5CA3C2EA2D1171CC003F647F /* Resources */ = {
			isa = PBXResourcesBuildPhase;
			buildActionMask = 2147483647;
			files = (
				5CA3C2F72D1171CD003F647F /* Preview Assets.xcassets in Resources */,
				79C5A4852D18154B00EACD79 /* Localizable.xcstrings in Resources */,
				5CA3C2F42D1171CD003F647F /* Assets.xcassets in Resources */,
				79C5A4832D18151600EACD79 /* Localizable.cxstrings in Resources */,
				79C5A4792D180A9700EACD79 /* dogGif.gif in Resources */,
			);
			runOnlyForDeploymentPostprocessing = 0;
		};
		5CA3C2FA2D1171CD003F647F /* Resources */ = {
			isa = PBXResourcesBuildPhase;
			buildActionMask = 2147483647;
			files = (
			);
			runOnlyForDeploymentPostprocessing = 0;
		};
		5CA3C3042D1171CD003F647F /* Resources */ = {
			isa = PBXResourcesBuildPhase;
			buildActionMask = 2147483647;
			files = (
			);
			runOnlyForDeploymentPostprocessing = 0;
		};
/* End PBXResourcesBuildPhase section */

/* Begin PBXSourcesBuildPhase section */
		5CA3C2E82D1171CC003F647F /* Sources */ = {
			isa = PBXSourcesBuildPhase;
			buildActionMask = 2147483647;
			files = (
				5C328A0E2D1194A4001B851A /* TaskView.swift in Sources */,
				5C328A172D11E679001B851A /* TaskViewModel.swift in Sources */,
				5C328A102D1194D6001B851A /* TaskTimeFrame.swift in Sources */,
				5C328A0C2D119484001B851A /* TaskList.swift in Sources */,
				5C328A122D119551001B851A /* TaskSheet.swift in Sources */,
				5CA3C31A2D118C8F003F647F /* GhadaView.swift in Sources */,
				5C328A022D1191E5001B851A /* HomeView.swift in Sources */,
				5C328A082D1192A1001B851A /* Gif.swift in Sources */,
				5C328A042D1191FF001B851A /* ContentView.swift in Sources */,
				5CA3C2F02D1171CC003F647F /* sparkswiftdataApp.swift in Sources */,
				5C328A0A2D1193BD001B851A /* Task.swift in Sources */,
				5C328A062D119254001B851A /* PageContent.swift in Sources */,
			);
			runOnlyForDeploymentPostprocessing = 0;
		};
		5CA3C2F82D1171CD003F647F /* Sources */ = {
			isa = PBXSourcesBuildPhase;
			buildActionMask = 2147483647;
			files = (
				5CA3C3012D1171CD003F647F /* sparkswiftdataTests.swift in Sources */,
			);
			runOnlyForDeploymentPostprocessing = 0;
		};
		5CA3C3022D1171CD003F647F /* Sources */ = {
			isa = PBXSourcesBuildPhase;
			buildActionMask = 2147483647;
			files = (
				5CA3C30D2D1171CD003F647F /* sparkswiftdataUITestsLaunchTests.swift in Sources */,
				5CA3C30B2D1171CD003F647F /* sparkswiftdataUITests.swift in Sources */,
			);
			runOnlyForDeploymentPostprocessing = 0;
		};
/* End PBXSourcesBuildPhase section */

/* Begin PBXTargetDependency section */
		5CA3C2FE2D1171CD003F647F /* PBXTargetDependency */ = {
			isa = PBXTargetDependency;
			target = 5CA3C2EB2D1171CC003F647F /* Spark */;
			targetProxy = 5CA3C2FD2D1171CD003F647F /* PBXContainerItemProxy */;
		};
		5CA3C3082D1171CD003F647F /* PBXTargetDependency */ = {
			isa = PBXTargetDependency;
			target = 5CA3C2EB2D1171CC003F647F /* Spark */;
			targetProxy = 5CA3C3072D1171CD003F647F /* PBXContainerItemProxy */;
		};
/* End PBXTargetDependency section */

/* Begin XCBuildConfiguration section */
		5CA3C30E2D1171CD003F647F /* Debug */ = {
			isa = XCBuildConfiguration;
			buildSettings = {
				ALWAYS_SEARCH_USER_PATHS = NO;
				ASSETCATALOG_COMPILER_GENERATE_SWIFT_ASSET_SYMBOL_EXTENSIONS = YES;
				CLANG_ANALYZER_NONNULL = YES;
				CLANG_ANALYZER_NUMBER_OBJECT_CONVERSION = YES_AGGRESSIVE;
				CLANG_CXX_LANGUAGE_STANDARD = "gnu++20";
				CLANG_ENABLE_MODULES = YES;
				CLANG_ENABLE_OBJC_ARC = YES;
				CLANG_ENABLE_OBJC_WEAK = YES;
				CLANG_WARN_BLOCK_CAPTURE_AUTORELEASING = YES;
				CLANG_WARN_BOOL_CONVERSION = YES;
				CLANG_WARN_COMMA = YES;
				CLANG_WARN_CONSTANT_CONVERSION = YES;
				CLANG_WARN_DEPRECATED_OBJC_IMPLEMENTATIONS = YES;
				CLANG_WARN_DIRECT_OBJC_ISA_USAGE = YES_ERROR;
				CLANG_WARN_DOCUMENTATION_COMMENTS = YES;
				CLANG_WARN_EMPTY_BODY = YES;
				CLANG_WARN_ENUM_CONVERSION = YES;
				CLANG_WARN_INFINITE_RECURSION = YES;
				CLANG_WARN_INT_CONVERSION = YES;
				CLANG_WARN_NON_LITERAL_NULL_CONVERSION = YES;
				CLANG_WARN_OBJC_IMPLICIT_RETAIN_SELF = YES;
				CLANG_WARN_OBJC_LITERAL_CONVERSION = YES;
				CLANG_WARN_OBJC_ROOT_CLASS = YES_ERROR;
				CLANG_WARN_QUOTED_INCLUDE_IN_FRAMEWORK_HEADER = YES;
				CLANG_WARN_RANGE_LOOP_ANALYSIS = YES;
				CLANG_WARN_STRICT_PROTOTYPES = YES;
				CLANG_WARN_SUSPICIOUS_MOVE = YES;
				CLANG_WARN_UNGUARDED_AVAILABILITY = YES_AGGRESSIVE;
				CLANG_WARN_UNREACHABLE_CODE = YES;
				CLANG_WARN__DUPLICATE_METHOD_MATCH = YES;
				COPY_PHASE_STRIP = NO;
				DEBUG_INFORMATION_FORMAT = dwarf;
				ENABLE_STRICT_OBJC_MSGSEND = YES;
				ENABLE_TESTABILITY = YES;
				ENABLE_USER_SCRIPT_SANDBOXING = YES;
				GCC_C_LANGUAGE_STANDARD = gnu17;
				GCC_DYNAMIC_NO_PIC = NO;
				GCC_NO_COMMON_BLOCKS = YES;
				GCC_OPTIMIZATION_LEVEL = 0;
				GCC_PREPROCESSOR_DEFINITIONS = (
					"DEBUG=1",
					"$(inherited)",
				);
				GCC_WARN_64_TO_32_BIT_CONVERSION = YES;
				GCC_WARN_ABOUT_RETURN_TYPE = YES_ERROR;
				GCC_WARN_UNDECLARED_SELECTOR = YES;
				GCC_WARN_UNINITIALIZED_AUTOS = YES_AGGRESSIVE;
				GCC_WARN_UNUSED_FUNCTION = YES;
				GCC_WARN_UNUSED_VARIABLE = YES;
				IPHONEOS_DEPLOYMENT_TARGET = 17.5;
				LOCALIZATION_PREFERS_STRING_CATALOGS = YES;
				MTL_ENABLE_DEBUG_INFO = INCLUDE_SOURCE;
				MTL_FAST_MATH = YES;
				ONLY_ACTIVE_ARCH = YES;
				SDKROOT = iphoneos;
				SWIFT_ACTIVE_COMPILATION_CONDITIONS = "DEBUG $(inherited)";
				SWIFT_OPTIMIZATION_LEVEL = "-Onone";
			};
			name = Debug;
		};
		5CA3C30F2D1171CD003F647F /* Release */ = {
			isa = XCBuildConfiguration;
			buildSettings = {
				ALWAYS_SEARCH_USER_PATHS = NO;
				ASSETCATALOG_COMPILER_GENERATE_SWIFT_ASSET_SYMBOL_EXTENSIONS = YES;
				CLANG_ANALYZER_NONNULL = YES;
				CLANG_ANALYZER_NUMBER_OBJECT_CONVERSION = YES_AGGRESSIVE;
				CLANG_CXX_LANGUAGE_STANDARD = "gnu++20";
				CLANG_ENABLE_MODULES = YES;
				CLANG_ENABLE_OBJC_ARC = YES;
				CLANG_ENABLE_OBJC_WEAK = YES;
				CLANG_WARN_BLOCK_CAPTURE_AUTORELEASING = YES;
				CLANG_WARN_BOOL_CONVERSION = YES;
				CLANG_WARN_COMMA = YES;
				CLANG_WARN_CONSTANT_CONVERSION = YES;
				CLANG_WARN_DEPRECATED_OBJC_IMPLEMENTATIONS = YES;
				CLANG_WARN_DIRECT_OBJC_ISA_USAGE = YES_ERROR;
				CLANG_WARN_DOCUMENTATION_COMMENTS = YES;
				CLANG_WARN_EMPTY_BODY = YES;
				CLANG_WARN_ENUM_CONVERSION = YES;
				CLANG_WARN_INFINITE_RECURSION = YES;
				CLANG_WARN_INT_CONVERSION = YES;
				CLANG_WARN_NON_LITERAL_NULL_CONVERSION = YES;
				CLANG_WARN_OBJC_IMPLICIT_RETAIN_SELF = YES;
				CLANG_WARN_OBJC_LITERAL_CONVERSION = YES;
				CLANG_WARN_OBJC_ROOT_CLASS = YES_ERROR;
				CLANG_WARN_QUOTED_INCLUDE_IN_FRAMEWORK_HEADER = YES;
				CLANG_WARN_RANGE_LOOP_ANALYSIS = YES;
				CLANG_WARN_STRICT_PROTOTYPES = YES;
				CLANG_WARN_SUSPICIOUS_MOVE = YES;
				CLANG_WARN_UNGUARDED_AVAILABILITY = YES_AGGRESSIVE;
				CLANG_WARN_UNREACHABLE_CODE = YES;
				CLANG_WARN__DUPLICATE_METHOD_MATCH = YES;
				COPY_PHASE_STRIP = NO;
				DEBUG_INFORMATION_FORMAT = "dwarf-with-dsym";
				ENABLE_NS_ASSERTIONS = NO;
				ENABLE_STRICT_OBJC_MSGSEND = YES;
				ENABLE_USER_SCRIPT_SANDBOXING = YES;
				GCC_C_LANGUAGE_STANDARD = gnu17;
				GCC_NO_COMMON_BLOCKS = YES;
				GCC_WARN_64_TO_32_BIT_CONVERSION = YES;
				GCC_WARN_ABOUT_RETURN_TYPE = YES_ERROR;
				GCC_WARN_UNDECLARED_SELECTOR = YES;
				GCC_WARN_UNINITIALIZED_AUTOS = YES_AGGRESSIVE;
				GCC_WARN_UNUSED_FUNCTION = YES;
				GCC_WARN_UNUSED_VARIABLE = YES;
				IPHONEOS_DEPLOYMENT_TARGET = 17.5;
				LOCALIZATION_PREFERS_STRING_CATALOGS = YES;
				MTL_ENABLE_DEBUG_INFO = NO;
				MTL_FAST_MATH = YES;
				SDKROOT = iphoneos;
				SWIFT_COMPILATION_MODE = wholemodule;
				VALIDATE_PRODUCT = YES;
			};
			name = Release;
		};
		5CA3C3112D1171CD003F647F /* Debug */ = {
			isa = XCBuildConfiguration;
			buildSettings = {
				ASSETCATALOG_COMPILER_APPICON_NAME = AppIcon;
				ASSETCATALOG_COMPILER_GLOBAL_ACCENT_COLOR_NAME = AccentColor;
				CODE_SIGN_STYLE = Automatic;
				CURRENT_PROJECT_VERSION = 1;
				DEVELOPMENT_ASSET_PATHS = "\"sparkswiftdata/Preview Content\"";
				DEVELOPMENT_TEAM = HA7FM63B8B;
				ENABLE_PREVIEWS = YES;
				GENERATE_INFOPLIST_FILE = YES;
				INFOPLIST_KEY_UIApplicationSceneManifest_Generation = YES;
				INFOPLIST_KEY_UIApplicationSupportsIndirectInputEvents = YES;
				INFOPLIST_KEY_UILaunchScreen_Generation = YES;
				INFOPLIST_KEY_UISupportedInterfaceOrientations_iPad = "UIInterfaceOrientationPortrait UIInterfaceOrientationPortraitUpsideDown UIInterfaceOrientationLandscapeLeft UIInterfaceOrientationLandscapeRight";
				INFOPLIST_KEY_UISupportedInterfaceOrientations_iPhone = "UIInterfaceOrientationPortrait UIInterfaceOrientationLandscapeLeft UIInterfaceOrientationLandscapeRight";
				LD_RUNPATH_SEARCH_PATHS = (
					"$(inherited)",
					"@executable_path/Frameworks",
				);
				MARKETING_VERSION = 1.0;
				PRODUCT_BUNDLE_IDENTIFIER = come.maryambahwal.sparkswiftdata;
				PRODUCT_NAME = "$(TARGET_NAME)";
				SWIFT_EMIT_LOC_STRINGS = YES;
				SWIFT_VERSION = 5.0;
				TARGETED_DEVICE_FAMILY = "1,2";
			};
			name = Debug;
		};
		5CA3C3122D1171CD003F647F /* Release */ = {
			isa = XCBuildConfiguration;
			buildSettings = {
				ASSETCATALOG_COMPILER_APPICON_NAME = AppIcon;
				ASSETCATALOG_COMPILER_GLOBAL_ACCENT_COLOR_NAME = AccentColor;
				CODE_SIGN_STYLE = Automatic;
				CURRENT_PROJECT_VERSION = 1;
				DEVELOPMENT_ASSET_PATHS = "\"sparkswiftdata/Preview Content\"";
				DEVELOPMENT_TEAM = HA7FM63B8B;
				ENABLE_PREVIEWS = YES;
				GENERATE_INFOPLIST_FILE = YES;
				INFOPLIST_KEY_UIApplicationSceneManifest_Generation = YES;
				INFOPLIST_KEY_UIApplicationSupportsIndirectInputEvents = YES;
				INFOPLIST_KEY_UILaunchScreen_Generation = YES;
				INFOPLIST_KEY_UISupportedInterfaceOrientations_iPad = "UIInterfaceOrientationPortrait UIInterfaceOrientationPortraitUpsideDown UIInterfaceOrientationLandscapeLeft UIInterfaceOrientationLandscapeRight";
				INFOPLIST_KEY_UISupportedInterfaceOrientations_iPhone = "UIInterfaceOrientationPortrait UIInterfaceOrientationLandscapeLeft UIInterfaceOrientationLandscapeRight";
				LD_RUNPATH_SEARCH_PATHS = (
					"$(inherited)",
					"@executable_path/Frameworks",
				);
				MARKETING_VERSION = 1.0;
				PRODUCT_BUNDLE_IDENTIFIER = come.maryambahwal.sparkswiftdata;
				PRODUCT_NAME = "$(TARGET_NAME)";
				SWIFT_EMIT_LOC_STRINGS = YES;
				SWIFT_VERSION = 5.0;
				TARGETED_DEVICE_FAMILY = "1,2";
			};
			name = Release;
		};
		5CA3C3142D1171CD003F647F /* Debug */ = {
			isa = XCBuildConfiguration;
			buildSettings = {
				ALWAYS_EMBED_SWIFT_STANDARD_LIBRARIES = YES;
				BUNDLE_LOADER = "$(TEST_HOST)";
				CODE_SIGN_STYLE = Automatic;
				CURRENT_PROJECT_VERSION = 1;
				DEVELOPMENT_TEAM = 456W9WT6L3;
				GENERATE_INFOPLIST_FILE = YES;
				IPHONEOS_DEPLOYMENT_TARGET = 17.5;
				MARKETING_VERSION = 1.0;
				PRODUCT_BUNDLE_IDENTIFIER = come.maryambahwal.sparkswiftdataTests;
				PRODUCT_NAME = "$(TARGET_NAME)";
				SWIFT_EMIT_LOC_STRINGS = NO;
				SWIFT_VERSION = 5.0;
				TARGETED_DEVICE_FAMILY = "1,2";
				TEST_HOST = "$(BUILT_PRODUCTS_DIR)/Spark.app/$(BUNDLE_EXECUTABLE_FOLDER_PATH)/Spark";
			};
			name = Debug;
		};
		5CA3C3152D1171CD003F647F /* Release */ = {
			isa = XCBuildConfiguration;
			buildSettings = {
				ALWAYS_EMBED_SWIFT_STANDARD_LIBRARIES = YES;
				BUNDLE_LOADER = "$(TEST_HOST)";
				CODE_SIGN_STYLE = Automatic;
				CURRENT_PROJECT_VERSION = 1;
				DEVELOPMENT_TEAM = 456W9WT6L3;
				GENERATE_INFOPLIST_FILE = YES;
				IPHONEOS_DEPLOYMENT_TARGET = 17.5;
				MARKETING_VERSION = 1.0;
				PRODUCT_BUNDLE_IDENTIFIER = come.maryambahwal.sparkswiftdataTests;
				PRODUCT_NAME = "$(TARGET_NAME)";
				SWIFT_EMIT_LOC_STRINGS = NO;
				SWIFT_VERSION = 5.0;
				TARGETED_DEVICE_FAMILY = "1,2";
				TEST_HOST = "$(BUILT_PRODUCTS_DIR)/Spark.app/$(BUNDLE_EXECUTABLE_FOLDER_PATH)/Spark";
			};
			name = Release;
		};
		5CA3C3172D1171CD003F647F /* Debug */ = {
			isa = XCBuildConfiguration;
			buildSettings = {
				ALWAYS_EMBED_SWIFT_STANDARD_LIBRARIES = YES;
				CODE_SIGN_STYLE = Automatic;
				CURRENT_PROJECT_VERSION = 1;
				DEVELOPMENT_TEAM = 456W9WT6L3;
				GENERATE_INFOPLIST_FILE = YES;
				MARKETING_VERSION = 1.0;
				PRODUCT_BUNDLE_IDENTIFIER = come.maryambahwal.sparkswiftdataUITests;
				PRODUCT_NAME = "$(TARGET_NAME)";
				SWIFT_EMIT_LOC_STRINGS = NO;
				SWIFT_VERSION = 5.0;
				TARGETED_DEVICE_FAMILY = "1,2";
				TEST_TARGET_NAME = sparkswiftdata;
			};
			name = Debug;
		};
		5CA3C3182D1171CD003F647F /* Release */ = {
			isa = XCBuildConfiguration;
			buildSettings = {
				ALWAYS_EMBED_SWIFT_STANDARD_LIBRARIES = YES;
				CODE_SIGN_STYLE = Automatic;
				CURRENT_PROJECT_VERSION = 1;
				DEVELOPMENT_TEAM = 456W9WT6L3;
				GENERATE_INFOPLIST_FILE = YES;
				MARKETING_VERSION = 1.0;
				PRODUCT_BUNDLE_IDENTIFIER = come.maryambahwal.sparkswiftdataUITests;
				PRODUCT_NAME = "$(TARGET_NAME)";
				SWIFT_EMIT_LOC_STRINGS = NO;
				SWIFT_VERSION = 5.0;
				TARGETED_DEVICE_FAMILY = "1,2";
				TEST_TARGET_NAME = sparkswiftdata;
			};
			name = Release;
		};
/* End XCBuildConfiguration section */

/* Begin XCConfigurationList section */
		5CA3C2E72D1171CC003F647F /* Build configuration list for PBXProject "Spark" */ = {
			isa = XCConfigurationList;
			buildConfigurations = (
				5CA3C30E2D1171CD003F647F /* Debug */,
				5CA3C30F2D1171CD003F647F /* Release */,
			);
			defaultConfigurationIsVisible = 0;
			defaultConfigurationName = Release;
		};
		5CA3C3102D1171CD003F647F /* Build configuration list for PBXNativeTarget "Spark" */ = {
			isa = XCConfigurationList;
			buildConfigurations = (
				5CA3C3112D1171CD003F647F /* Debug */,
				5CA3C3122D1171CD003F647F /* Release */,
			);
			defaultConfigurationIsVisible = 0;
			defaultConfigurationName = Release;
		};
		5CA3C3132D1171CD003F647F /* Build configuration list for PBXNativeTarget "SparkTests" */ = {
			isa = XCConfigurationList;
			buildConfigurations = (
				5CA3C3142D1171CD003F647F /* Debug */,
				5CA3C3152D1171CD003F647F /* Release */,
			);
			defaultConfigurationIsVisible = 0;
			defaultConfigurationName = Release;
		};
		5CA3C3162D1171CD003F647F /* Build configuration list for PBXNativeTarget "SparkUITests" */ = {
			isa = XCConfigurationList;
			buildConfigurations = (
				5CA3C3172D1171CD003F647F /* Debug */,
				5CA3C3182D1171CD003F647F /* Release */,
			);
			defaultConfigurationIsVisible = 0;
			defaultConfigurationName = Release;
		};
/* End XCConfigurationList section */
	};
	rootObject = 5CA3C2E42D1171CC003F647F /* Project object */;
}
